
Microsoft Visual Studio Solution File, Format Version 12.00
# Visual Studio Version 17
VisualStudioVersion = 17.11.35312.102
MinimumVisualStudioVersion = 10.0.40219.1
Project("{FAE04EC0-301F-11D3-BF4B-00C04F79EFBC}") = "Schedule.Presentation", "Schedule.Presentation\Schedule.Presentation.csproj", "{81E69C3B-367B-429E-BACF-0E3B5597A707}"
EndProject
Global
	GlobalSection(SolutionConfigurationPlatforms) = preSolution
		Debug|Any CPU = Debug|Any CPU
		Release|Any CPU = Release|Any CPU
	EndGlobalSection
	GlobalSection(ProjectConfigurationPlatforms) = postSolution
		{81E69C3B-367B-429E-BACF-0E3B5597A707}.Debug|Any CPU.ActiveCfg = Debug|Any CPU
		{81E69C3B-367B-429E-BACF-0E3B5597A707}.Debug|Any CPU.Build.0 = Debug|Any CPU
		{81E69C3B-367B-429E-BACF-0E3B5597A707}.Release|Any CPU.ActiveCfg = Release|Any CPU
		{81E69C3B-367B-429E-BACF-0E3B5597A707}.Release|Any CPU.Build.0 = Release|Any CPU
	EndGlobalSection
	GlobalSection(SolutionProperties) = preSolution
		HideSolutionNode = FALSE
	EndGlobalSection
	GlobalSection(ExtensibilityGlobals) = postSolution
		SolutionGuid = {BA44177C-3BEE-41FA-B24F-8C3E00F21E63}
	EndGlobalSection
EndGlobal
